
Microsoft Visual Studio Solution File, Format Version 12.00
# Visual Studio Version 17
VisualStudioVersion = 17.4.33403.182
MinimumVisualStudioVersion = 10.0.40219.1
Project("{9A19103F-16F7-4668-BE54-9A1E7A4F7556}") = "MusicStore", "MusicStore\MusicStore.csproj", "{F2129A15-EE9D-48D2-B1F4-A2B233EE798F}"
EndProject
Project("{9A19103F-16F7-4668-BE54-9A1E7A4F7556}") = "MusicStore.Entities", "MusicStore.Entities\MusicStore.Entities.csproj", "{5D4AFC06-7EA5-4AE4-AE0B-2CA6C0FA1048}"
EndProject
Project("{9A19103F-16F7-4668-BE54-9A1E7A4F7556}") = "MusicStore.DataAccess", "MusicStore.DataAccess\MusicStore.DataAccess.csproj", "{6CFAC220-3935-49A9-8F45-FAC28996A497}"
EndProject
Project("{9A19103F-16F7-4668-BE54-9A1E7A4F7556}") = "MusicStore.Repositories", "MusicStore.Repositories\MusicStore.Repositories.csproj", "{D0CAFEA3-0C8C-4E1E-B112-F08C3540BDA5}"
EndProject
Project("{9A19103F-16F7-4668-BE54-9A1E7A4F7556}") = "MusicStore.Dto", "MusciStore.Dto\MusicStore.Dto.csproj", "{C4ED51EC-FB2F-422D-A2D3-384CC2785A17}"
EndProject
Project("{FAE04EC0-301F-11D3-BF4B-00C04F79EFBC}") = "MusicStore.Services", "MusicStore.Services\MusicStore.Services.csproj", "{D4481738-9DB6-49ED-9478-667242D4952F}"
EndProject
Global
	GlobalSection(SolutionConfigurationPlatforms) = preSolution
		Debug|Any CPU = Debug|Any CPU
		Release|Any CPU = Release|Any CPU
	EndGlobalSection
	GlobalSection(ProjectConfigurationPlatforms) = postSolution
		{F2129A15-EE9D-48D2-B1F4-A2B233EE798F}.Debug|Any CPU.ActiveCfg = Debug|Any CPU
		{F2129A15-EE9D-48D2-B1F4-A2B233EE798F}.Debug|Any CPU.Build.0 = Debug|Any CPU
		{F2129A15-EE9D-48D2-B1F4-A2B233EE798F}.Release|Any CPU.ActiveCfg = Release|Any CPU
		{F2129A15-EE9D-48D2-B1F4-A2B233EE798F}.Release|Any CPU.Build.0 = Release|Any CPU
		{5D4AFC06-7EA5-4AE4-AE0B-2CA6C0FA1048}.Debug|Any CPU.ActiveCfg = Debug|Any CPU
		{5D4AFC06-7EA5-4AE4-AE0B-2CA6C0FA1048}.Debug|Any CPU.Build.0 = Debug|Any CPU
		{5D4AFC06-7EA5-4AE4-AE0B-2CA6C0FA1048}.Release|Any CPU.ActiveCfg = Release|Any CPU
		{5D4AFC06-7EA5-4AE4-AE0B-2CA6C0FA1048}.Release|Any CPU.Build.0 = Release|Any CPU
		{6CFAC220-3935-49A9-8F45-FAC28996A497}.Debug|Any CPU.ActiveCfg = Debug|Any CPU
		{6CFAC220-3935-49A9-8F45-FAC28996A497}.Debug|Any CPU.Build.0 = Debug|Any CPU
		{6CFAC220-3935-49A9-8F45-FAC28996A497}.Release|Any CPU.ActiveCfg = Release|Any CPU
		{6CFAC220-3935-49A9-8F45-FAC28996A497}.Release|Any CPU.Build.0 = Release|Any CPU
		{D0CAFEA3-0C8C-4E1E-B112-F08C3540BDA5}.Debug|Any CPU.ActiveCfg = Debug|Any CPU
		{D0CAFEA3-0C8C-4E1E-B112-F08C3540BDA5}.Debug|Any CPU.Build.0 = Debug|Any CPU
		{D0CAFEA3-0C8C-4E1E-B112-F08C3540BDA5}.Release|Any CPU.ActiveCfg = Release|Any CPU
		{D0CAFEA3-0C8C-4E1E-B112-F08C3540BDA5}.Release|Any CPU.Build.0 = Release|Any CPU
		{C4ED51EC-FB2F-422D-A2D3-384CC2785A17}.Debug|Any CPU.ActiveCfg = Debug|Any CPU
		{C4ED51EC-FB2F-422D-A2D3-384CC2785A17}.Debug|Any CPU.Build.0 = Debug|Any CPU
		{C4ED51EC-FB2F-422D-A2D3-384CC2785A17}.Release|Any CPU.ActiveCfg = Release|Any CPU
		{C4ED51EC-FB2F-422D-A2D3-384CC2785A17}.Release|Any CPU.Build.0 = Release|Any CPU
		{D4481738-9DB6-49ED-9478-667242D4952F}.Debug|Any CPU.ActiveCfg = Debug|Any CPU
		{D4481738-9DB6-49ED-9478-667242D4952F}.Debug|Any CPU.Build.0 = Debug|Any CPU
		{D4481738-9DB6-49ED-9478-667242D4952F}.Release|Any CPU.ActiveCfg = Release|Any CPU
		{D4481738-9DB6-49ED-9478-667242D4952F}.Release|Any CPU.Build.0 = Release|Any CPU
	EndGlobalSection
	GlobalSection(SolutionProperties) = preSolution
		HideSolutionNode = FALSE
	EndGlobalSection
	GlobalSection(ExtensibilityGlobals) = postSolution
		SolutionGuid = {8DA54828-A526-4FAA-BE89-612BEB7012FF}
	EndGlobalSection
EndGlobal
